{
  "originHash" : "e5bdba5e4a3cd2da278966b1ae2a5d17cbce483684e9d4319431dd64d9ea96e2",
  "pins" : [
    {
      "identity" : "swift-qrcode-generator",
      "kind" : "remoteSourceControl",
      "location" : "https://github.com/dagronf/swift-qrcode-generator",
      "state" : {
        "revision" : "2b1980b825f08a81ccc762b0c4d17fcde9d5e953",
        "version" : "2.0.2"
      }
    }
  ],
  "version" : 3
}
